// !$*UTF8*$!
{
	archiveVersion = 1;
	classes = {
	};
	objectVersion = 55;
	objects = {

/* Begin PBXBuildFile section */
		BC0E6E26272C117D002CD7F1 /* Lab01_TODO_LISTApp.swift in Sources */ = {isa = PBXBuildFile; fileRef = BC0E6E25272C117D002CD7F1 /* Lab01_TODO_LISTApp.swift */; };
		BC0E6E28272C117D002CD7F1 /* ContentView.swift in Sources */ = {isa = PBXBuildFile; fileRef = BC0E6E27272C117D002CD7F1 /* ContentView.swift */; };
		BC0E6E2A272C117F002CD7F1 /* Assets.xcassets in Resources */ = {isa = PBXBuildFile; fileRef = BC0E6E29272C117F002CD7F1 /* Assets.xcassets */; };
		BC0E6E2D272C117F002CD7F1 /* Preview Assets.xcassets in Resources */ = {isa = PBXBuildFile; fileRef = BC0E6E2C272C117F002CD7F1 /* Preview Assets.xcassets */; };
		BC0E6E34272C13BA002CD7F1 /* AddTaskView.swift in Sources */ = {isa = PBXBuildFile; fileRef = BC0E6E33272C13BA002CD7F1 /* AddTaskView.swift */; };
		BC0E6E36272C13D7002CD7F1 /* TodoView.swift in Sources */ = {isa = PBXBuildFile; fileRef = BC0E6E35272C13D7002CD7F1 /* TodoView.swift */; };
		BC0E6E38272C13E5002CD7F1 /* HistoryView.swift in Sources */ = {isa = PBXBuildFile; fileRef = BC0E6E37272C13E5002CD7F1 /* HistoryView.swift */; };
		BC0E6E3A272C1B64002CD7F1 /* TaskManager.swift in Sources */ = {isa = PBXBuildFile; fileRef = BC0E6E39272C1B64002CD7F1 /* TaskManager.swift */; };
/* End PBXBuildFile section */

/* Begin PBXFileReference section */
		BC0E6E22272C117D002CD7F1 /* Lab01-TODO-LIST.app */ = {isa = PBXFileReference; explicitFileType = wrapper.application; includeInIndex = 0; path = "Lab01-TODO-LIST.app"; sourceTree = BUILT_PRODUCTS_DIR; };
		BC0E6E25272C117D002CD7F1 /* Lab01_TODO_LISTApp.swift */ = {isa = PBXFileReference; lastKnownFileType = sourcecode.swift; path = Lab01_TODO_LISTApp.swift; sourceTree = "<group>"; };
		BC0E6E27272C117D002CD7F1 /* ContentView.swift */ = {isa = PBXFileReference; lastKnownFileType = sourcecode.swift; path = ContentView.swift; sourceTree = "<group>"; };
		BC0E6E29272C117F002CD7F1 /* Assets.xcassets */ = {isa = PBXFileReference; lastKnownFileType = folder.assetcatalog; path = Assets.xcassets; sourceTree = "<group>"; };
		BC0E6E2C272C117F002CD7F1 /* Preview Assets.xcassets */ = {isa = PBXFileReference; lastKnownFileType = folder.assetcatalog; path = "Preview Assets.xcassets"; sourceTree = "<group>"; };
		BC0E6E33272C13BA002CD7F1 /* AddTaskView.swift */ = {isa = PBXFileReference; lastKnownFileType = sourcecode.swift; path = AddTaskView.swift; sourceTree = "<group>"; };
		BC0E6E35272C13D7002CD7F1 /* TodoView.swift */ = {isa = PBXFileReference; lastKnownFileType = sourcecode.swift; path = TodoView.swift; sourceTree = "<group>"; };
		BC0E6E37272C13E5002CD7F1 /* HistoryView.swift */ = {isa = PBXFileReference; lastKnownFileType = sourcecode.swift; path = HistoryView.swift; sourceTree = "<group>"; };
		BC0E6E39272C1B64002CD7F1 /* TaskManager.swift */ = {isa = PBXFileReference; lastKnownFileType = sourcecode.swift; path = TaskManager.swift; sourceTree = "<group>"; };
/* End PBXFileReference section */

/* Begin PBXFrameworksBuildPhase section */
		BC0E6E1F272C117D002CD7F1 /* Frameworks */ = {
			isa = PBXFrameworksBuildPhase;
			buildActionMask = 2147483647;
			files = (
			);
			runOnlyForDeploymentPostprocessing = 0;
		};
/* End PBXFrameworksBuildPhase section */

/* Begin PBXGroup section */
		BC0E6E19272C117D002CD7F1 = {
			isa = PBXGroup;
			children = (
				BC0E6E24272C117D002CD7F1 /* Lab01-TODO-LIST */,
				BC0E6E23272C117D002CD7F1 /* Products */,
			);
			sourceTree = "<group>";
		};
		BC0E6E23272C117D002CD7F1 /* Products */ = {
			isa = PBXGroup;
			children = (
				BC0E6E22272C117D002CD7F1 /* Lab01-TODO-LIST.app */,
			);
			name = Products;
			sourceTree = "<group>";
		};
		BC0E6E24272C117D002CD7F1 /* Lab01-TODO-LIST */ = {
			isa = PBXGroup;
			children = (
				BC0E6E25272C117D002CD7F1 /* Lab01_TODO_LISTApp.swift */,
				BC0E6E39272C1B64002CD7F1 /* TaskManager.swift */,
				BC0E6E27272C117D002CD7F1 /* ContentView.swift */,
				BC0E6E33272C13BA002CD7F1 /* AddTaskView.swift */,
				BC0E6E35272C13D7002CD7F1 /* TodoView.swift */,
				BC0E6E37272C13E5002CD7F1 /* HistoryView.swift */,
				BC0E6E29272C117F002CD7F1 /* Assets.xcassets */,
				BC0E6E2B272C117F002CD7F1 /* Preview Content */,
			);
			path = "Lab01-TODO-LIST";
			sourceTree = "<group>";
		};
		BC0E6E2B272C117F002CD7F1 /* Preview Content */ = {
			isa = PBXGroup;
			children = (
				BC0E6E2C272C117F002CD7F1 /* Preview Assets.xcassets */,
			);
			path = "Preview Content";
			sourceTree = "<group>";
		};
/* End PBXGroup section */

/* Begin PBXNativeTarget section */
		BC0E6E21272C117D002CD7F1 /* Lab01-TODO-LIST */ = {
			isa = PBXNativeTarget;
			buildConfigurationList = BC0E6E30272C117F002CD7F1 /* Build configuration list for PBXNativeTarget "Lab01-TODO-LIST" */;
			buildPhases = (
				BC0E6E1E272C117D002CD7F1 /* Sources */,
				BC0E6E1F272C117D002CD7F1 /* Frameworks */,
				BC0E6E20272C117D002CD7F1 /* Resources */,
			);
			buildRules = (
			);
			dependencies = (
			);
			name = "Lab01-TODO-LIST";
			productName = "Lab01-TODO-LIST";
			productReference = BC0E6E22272C117D002CD7F1 /* Lab01-TODO-LIST.app */;
			productType = "com.apple.product-type.application";
		};
/* End PBXNativeTarget section */

/* Begin PBXProject section */
		BC0E6E1A272C117D002CD7F1 /* Project object */ = {
			isa = PBXProject;
			attributes = {
				BuildIndependentTargetsInParallel = 1;
				LastSwiftUpdateCheck = 1300;
				LastUpgradeCheck = 1300;
				TargetAttributes = {
					BC0E6E21272C117D002CD7F1 = {
						CreatedOnToolsVersion = 13.0;
					};
				};
			};
			buildConfigurationList = BC0E6E1D272C117D002CD7F1 /* Build configuration list for PBXProject "Lab01-TODO-LIST" */;
			compatibilityVersion = "Xcode 13.0";
			developmentRegion = en;
			hasScannedForEncodings = 0;
			knownRegions = (
				en,
				Base,
			);
			mainGroup = BC0E6E19272C117D002CD7F1;
			productRefGroup = BC0E6E23272C117D002CD7F1 /* Products */;
			projectDirPath = "";
			projectRoot = "";
			targets = (
				BC0E6E21272C117D002CD7F1 /* Lab01-TODO-LIST */,
			);
		};
/* End PBXProject section */

/* Begin PBXResourcesBuildPhase section */
		BC0E6E20272C117D002CD7F1 /* Resources */ = {
			isa = PBXResourcesBuildPhase;
			buildActionMask = 2147483647;
			files = (
				BC0E6E2D272C117F002CD7F1 /* Preview Assets.xcassets in Resources */,
				BC0E6E2A272C117F002CD7F1 /* Assets.xcassets in Resources */,
			);
			runOnlyForDeploymentPostprocessing = 0;
		};
/* End PBXResourcesBuildPhase section */

/* Begin PBXSourcesBuildPhase section */
		BC0E6E1E272C117D002CD7F1 /* Sources */ = {
			isa = PBXSourcesBuildPhase;
			buildActionMask = 2147483647;
			files = (
				BC0E6E3A272C1B64002CD7F1 /* TaskManager.swift in Sources */,
				BC0E6E34272C13BA002CD7F1 /* AddTaskView.swift in Sources */,
				BC0E6E28272C117D002CD7F1 /* ContentView.swift in Sources */,
				BC0E6E38272C13E5002CD7F1 /* HistoryView.swift in Sources */,
				BC0E6E36272C13D7002CD7F1 /* TodoView.swift in Sources */,
				BC0E6E26272C117D002CD7F1 /* Lab01_TODO_LISTApp.swift in Sources */,
			);
			runOnlyForDeploymentPostprocessing = 0;
		};
/* End PBXSourcesBuildPhase section */

/* Begin XCBuildConfiguration section */
		BC0E6E2E272C117F002CD7F1 /* Debug */ = {
			isa = XCBuildConfiguration;
			buildSettings = {
				ALWAYS_SEARCH_USER_PATHS = NO;
				CLANG_ANALYZER_NONNULL = YES;
				CLANG_ANALYZER_NUMBER_OBJECT_CONVERSION = YES_AGGRESSIVE;
				CLANG_CXX_LANGUAGE_STANDARD = "gnu++17";
				CLANG_CXX_LIBRARY = "libc++";
				CLANG_ENABLE_MODULES = YES;
				CLANG_ENABLE_OBJC_ARC = YES;
				CLANG_ENABLE_OBJC_WEAK = YES;
				CLANG_WARN_BLOCK_CAPTURE_AUTORELEASING = YES;
				CLANG_WARN_BOOL_CONVERSION = YES;
				CLANG_WARN_COMMA = YES;
				CLANG_WARN_CONSTANT_CONVERSION = YES;
				CLANG_WARN_DEPRECATED_OBJC_IMPLEMENTATIONS = YES;
				CLANG_WARN_DIRECT_OBJC_ISA_USAGE = YES_ERROR;
				CLANG_WARN_DOCUMENTATION_COMMENTS = YES;
				CLANG_WARN_EMPTY_BODY = YES;
				CLANG_WARN_ENUM_CONVERSION = YES;
				CLANG_WARN_INFINITE_RECURSION = YES;
				CLANG_WARN_INT_CONVERSION = YES;
				CLANG_WARN_NON_LITERAL_NULL_CONVERSION = YES;
				CLANG_WARN_OBJC_IMPLICIT_RETAIN_SELF = YES;
				CLANG_WARN_OBJC_LITERAL_CONVERSION = YES;
				CLANG_WARN_OBJC_ROOT_CLASS = YES_ERROR;
				CLANG_WARN_QUOTED_INCLUDE_IN_FRAMEWORK_HEADER = YES;
				CLANG_WARN_RANGE_LOOP_ANALYSIS = YES;
				CLANG_WARN_STRICT_PROTOTYPES = YES;
				CLANG_WARN_SUSPICIOUS_MOVE = YES;
				CLANG_WARN_UNGUARDED_AVAILABILITY = YES_AGGRESSIVE;
				CLANG_WARN_UNREACHABLE_CODE = YES;
				CLANG_WARN__DUPLICATE_METHOD_MATCH = YES;
				COPY_PHASE_STRIP = NO;
				DEBUG_INFORMATION_FORMAT = dwarf;
				ENABLE_STRICT_OBJC_MSGSEND = YES;
				ENABLE_TESTABILITY = YES;
				GCC_C_LANGUAGE_STANDARD = gnu11;
				GCC_DYNAMIC_NO_PIC = NO;
				GCC_NO_COMMON_BLOCKS = YES;
				GCC_OPTIMIZATION_LEVEL = 0;
				GCC_PREPROCESSOR_DEFINITIONS = (
					"DEBUG=1",
					"$(inherited)",
				);
				GCC_WARN_64_TO_32_BIT_CONVERSION = YES;
				GCC_WARN_ABOUT_RETURN_TYPE = YES_ERROR;
				GCC_WARN_UNDECLARED_SELECTOR = YES;
				GCC_WARN_UNINITIALIZED_AUTOS = YES_AGGRESSIVE;
				GCC_WARN_UNUSED_FUNCTION = YES;
				GCC_WARN_UNUSED_VARIABLE = YES;
				IPHONEOS_DEPLOYMENT_TARGET = 15.0;
				MTL_ENABLE_DEBUG_INFO = INCLUDE_SOURCE;
				MTL_FAST_MATH = YES;
				ONLY_ACTIVE_ARCH = YES;
				SDKROOT = iphoneos;
				SWIFT_ACTIVE_COMPILATION_CONDITIONS = DEBUG;
				SWIFT_OPTIMIZATION_LEVEL = "-Onone";
			};
			name = Debug;
		};
		BC0E6E2F272C117F002CD7F1 /* Release */ = {
			isa = XCBuildConfiguration;
			buildSettings = {
				ALWAYS_SEARCH_USER_PATHS = NO;
				CLANG_ANALYZER_NONNULL = YES;
				CLANG_ANALYZER_NUMBER_OBJECT_CONVERSION = YES_AGGRESSIVE;
				CLANG_CXX_LANGUAGE_STANDARD = "gnu++17";
				CLANG_CXX_LIBRARY = "libc++";
				CLANG_ENABLE_MODULES = YES;
				CLANG_ENABLE_OBJC_ARC = YES;
				CLANG_ENABLE_OBJC_WEAK = YES;
				CLANG_WARN_BLOCK_CAPTURE_AUTORELEASING = YES;
				CLANG_WARN_BOOL_CONVERSION = YES;
				CLANG_WARN_COMMA = YES;
				CLANG_WARN_CONSTANT_CONVERSION = YES;
				CLANG_WARN_DEPRECATED_OBJC_IMPLEMENTATIONS = YES;
				CLANG_WARN_DIRECT_OBJC_ISA_USAGE = YES_ERROR;
				CLANG_WARN_DOCUMENTATION_COMMENTS = YES;
				CLANG_WARN_EMPTY_BODY = YES;
				CLANG_WARN_ENUM_CONVERSION = YES;
				CLANG_WARN_INFINITE_RECURSION = YES;
				CLANG_WARN_INT_CONVERSION = YES;
				CLANG_WARN_NON_LITERAL_NULL_CONVERSION = YES;
				CLANG_WARN_OBJC_IMPLICIT_RETAIN_SELF = YES;
				CLANG_WARN_OBJC_LITERAL_CONVERSION = YES;
				CLANG_WARN_OBJC_ROOT_CLASS = YES_ERROR;
				CLANG_WARN_QUOTED_INCLUDE_IN_FRAMEWORK_HEADER = YES;
				CLANG_WARN_RANGE_LOOP_ANALYSIS = YES;
				CLANG_WARN_STRICT_PROTOTYPES = YES;
				CLANG_WARN_SUSPICIOUS_MOVE = YES;
				CLANG_WARN_UNGUARDED_AVAILABILITY = YES_AGGRESSIVE;
				CLANG_WARN_UNREACHABLE_CODE = YES;
				CLANG_WARN__DUPLICATE_METHOD_MATCH = YES;
				COPY_PHASE_STRIP = NO;
				DEBUG_INFORMATION_FORMAT = "dwarf-with-dsym";
				ENABLE_NS_ASSERTIONS = NO;
				ENABLE_STRICT_OBJC_MSGSEND = YES;
				GCC_C_LANGUAGE_STANDARD = gnu11;
				GCC_NO_COMMON_BLOCKS = YES;
				GCC_WARN_64_TO_32_BIT_CONVERSION = YES;
				GCC_WARN_ABOUT_RETURN_TYPE = YES_ERROR;
				GCC_WARN_UNDECLARED_SELECTOR = YES;
				GCC_WARN_UNINITIALIZED_AUTOS = YES_AGGRESSIVE;
				GCC_WARN_UNUSED_FUNCTION = YES;
				GCC_WARN_UNUSED_VARIABLE = YES;
				IPHONEOS_DEPLOYMENT_TARGET = 15.0;
				MTL_ENABLE_DEBUG_INFO = NO;
				MTL_FAST_MATH = YES;
				SDKROOT = iphoneos;
				SWIFT_COMPILATION_MODE = wholemodule;
				SWIFT_OPTIMIZATION_LEVEL = "-O";
				VALIDATE_PRODUCT = YES;
			};
			name = Release;
		};
		BC0E6E31272C117F002CD7F1 /* Debug */ = {
			isa = XCBuildConfiguration;
			buildSettings = {
				ASSETCATALOG_COMPILER_APPICON_NAME = AppIcon;
				ASSETCATALOG_COMPILER_GLOBAL_ACCENT_COLOR_NAME = AccentColor;
				CODE_SIGN_STYLE = Automatic;
				CURRENT_PROJECT_VERSION = 1;
				DEVELOPMENT_ASSET_PATHS = "\"Lab01-TODO-LIST/Preview Content\"";
				ENABLE_PREVIEWS = YES;
				GENERATE_INFOPLIST_FILE = YES;
				INFOPLIST_KEY_UIApplicationSceneManifest_Generation = YES;
				INFOPLIST_KEY_UIApplicationSupportsIndirectInputEvents = YES;
				INFOPLIST_KEY_UILaunchScreen_Generation = YES;
				INFOPLIST_KEY_UISupportedInterfaceOrientations_iPad = "UIInterfaceOrientationPortrait UIInterfaceOrientationPortraitUpsideDown UIInterfaceOrientationLandscapeLeft UIInterfaceOrientationLandscapeRight";
				INFOPLIST_KEY_UISupportedInterfaceOrientations_iPhone = "UIInterfaceOrientationPortrait UIInterfaceOrientationLandscapeLeft UIInterfaceOrientationLandscapeRight";
				IPHONEOS_DEPLOYMENT_TARGET = 14.0;
				LD_RUNPATH_SEARCH_PATHS = (
					"$(inherited)",
					"@executable_path/Frameworks",
				);
				MARKETING_VERSION = 1.0;
				PRODUCT_BUNDLE_IDENTIFIER = "chan20uf.Lab01-TODO-LIST";
				PRODUCT_NAME = "$(TARGET_NAME)";
				SWIFT_EMIT_LOC_STRINGS = YES;
				SWIFT_VERSION = 5.0;
				TARGETED_DEVICE_FAMILY = "1,2";
			};
			name = Debug;
		};
		BC0E6E32272C117F002CD7F1 /* Release */ = {
			isa = XCBuildConfiguration;
			buildSettings = {
				ASSETCATALOG_COMPILER_APPICON_NAME = AppIcon;
				ASSETCATALOG_COMPILER_GLOBAL_ACCENT_COLOR_NAME = AccentColor;
				CODE_SIGN_STYLE = Automatic;
				CURRENT_PROJECT_VERSION = 1;
				DEVELOPMENT_ASSET_PATHS = "\"Lab01-TODO-LIST/Preview Content\"";
				ENABLE_PREVIEWS = YES;
				GENERATE_INFOPLIST_FILE = YES;
				INFOPLIST_KEY_UIApplicationSceneManifest_Generation = YES;
				INFOPLIST_KEY_UIApplicationSupportsIndirectInputEvents = YES;
				INFOPLIST_KEY_UILaunchScreen_Generation = YES;
				INFOPLIST_KEY_UISupportedInterfaceOrientations_iPad = "UIInterfaceOrientationPortrait UIInterfaceOrientationPortraitUpsideDown UIInterfaceOrientationLandscapeLeft UIInterfaceOrientationLandscapeRight";
				INFOPLIST_KEY_UISupportedInterfaceOrientations_iPhone = "UIInterfaceOrientationPortrait UIInterfaceOrientationLandscapeLeft UIInterfaceOrientationLandscapeRight";
				IPHONEOS_DEPLOYMENT_TARGET = 14.0;
				LD_RUNPATH_SEARCH_PATHS = (
					"$(inherited)",
					"@executable_path/Frameworks",
				);
				MARKETING_VERSION = 1.0;
				PRODUCT_BUNDLE_IDENTIFIER = "chan20uf.Lab01-TODO-LIST";
				PRODUCT_NAME = "$(TARGET_NAME)";
				SWIFT_EMIT_LOC_STRINGS = YES;
				SWIFT_VERSION = 5.0;
				TARGETED_DEVICE_FAMILY = "1,2";
			};
			name = Release;
		};
/* End XCBuildConfiguration section */

/* Begin XCConfigurationList section */
		BC0E6E1D272C117D002CD7F1 /* Build configuration list for PBXProject "Lab01-TODO-LIST" */ = {
			isa = XCConfigurationList;
			buildConfigurations = (
				BC0E6E2E272C117F002CD7F1 /* Debug */,
				BC0E6E2F272C117F002CD7F1 /* Release */,
			);
			defaultConfigurationIsVisible = 0;
			defaultConfigurationName = Release;
		};
		BC0E6E30272C117F002CD7F1 /* Build configuration list for PBXNativeTarget "Lab01-TODO-LIST" */ = {
			isa = XCConfigurationList;
			buildConfigurations = (
				BC0E6E31272C117F002CD7F1 /* Debug */,
				BC0E6E32272C117F002CD7F1 /* Release */,
			);
			defaultConfigurationIsVisible = 0;
			defaultConfigurationName = Release;
		};
/* End XCConfigurationList section */
	};
	rootObject = BC0E6E1A272C117D002CD7F1 /* Project object */;
}
